// !$*UTF8*$!
{
	archiveVersion = 1;
	classes = {
	};
	objectVersion = 46;
	objects = {

/* Begin PBXBuildFile section */
		152A2BA128A04AA1989BDFAE /* libPods.a in Frameworks */ = {isa = PBXBuildFile; fileRef = AF7D72ADE56A4230854A063F /* libPods.a */; };
		CE19818118F05991002835A1 /* MessageUI.framework in Frameworks */ = {isa = PBXBuildFile; fileRef = CE19818018F05991002835A1 /* MessageUI.framework */; };
		CE20E2BE17DD6B7D00A8F55D /* CSWWodViewController.m in Sources */ = {isa = PBXBuildFile; fileRef = CE20E2BC17DD6B7D00A8F55D /* CSWWodViewController.m */; };
		CE20E2BF17DD6B7D00A8F55D /* CSWWodViewController.xib in Resources */ = {isa = PBXBuildFile; fileRef = CE20E2BD17DD6B7D00A8F55D /* CSWWodViewController.xib */; };
		CE20E2C217E46D0400A8F55D /* CSWDayMarker.m in Sources */ = {isa = PBXBuildFile; fileRef = CE20E2C117E46D0200A8F55D /* CSWDayMarker.m */; };
		CE2F127C188D95090024E519 /* images.xcassets in Resources */ = {isa = PBXBuildFile; fileRef = CE2F127B188D95090024E519 /* images.xcassets */; };
		CE605E6318F24DDC000FC4C5 /* NSDate+Testing.m in Sources */ = {isa = PBXBuildFile; fileRef = CE605E6218F24DDC000FC4C5 /* NSDate+Testing.m */; };
		CE605E6918F45E47000FC4C5 /* CSWIndicatorManager.m in Sources */ = {isa = PBXBuildFile; fileRef = CE605E6818F45E47000FC4C5 /* CSWIndicatorManager.m */; };
		CE73CD7E18DF48CB0009024E /* libFlurry_4.3.2.a in Frameworks */ = {isa = PBXBuildFile; fileRef = CE73CD7D18DF48CB0009024E /* libFlurry_4.3.2.a */; };
		CE94912518133B8300612FE6 /* SystemConfiguration.framework in Frameworks */ = {isa = PBXBuildFile; fileRef = CE94912418133B8300612FE6 /* SystemConfiguration.framework */; };
		CE94912718133CD300612FE6 /* MobileCoreServices.framework in Frameworks */ = {isa = PBXBuildFile; fileRef = CE94912618133CD300612FE6 /* MobileCoreServices.framework */; };
		CEAFB7E017ED20B600FF0E34 /* CSWLoginViewController.m in Sources */ = {isa = PBXBuildFile; fileRef = CEAFB7DE17ED20B600FF0E34 /* CSWLoginViewController.m */; };
		CEAFB7E117ED20B600FF0E34 /* CSWLoginViewController.xib in Resources */ = {isa = PBXBuildFile; fileRef = CEAFB7DF17ED20B600FF0E34 /* CSWLoginViewController.xib */; };
		CEAFB7E417EE20C900FF0E34 /* CSWColors.m in Sources */ = {isa = PBXBuildFile; fileRef = CEAFB7E317EE20C900FF0E34 /* CSWColors.m */; };
		CEC4143717EF3632007F030C /* CSWGymSelector.m in Sources */ = {isa = PBXBuildFile; fileRef = CEC4143517EF3632007F030C /* CSWGymSelector.m */; };
		CEC4143A17EFF5E6007F030C /* CSWGymSelector.xib in Resources */ = {isa = PBXBuildFile; fileRef = CEC4143917EFF5E6007F030C /* CSWGymSelector.xib */; };
		CEE07FAE17BA51B500373DF9 /* leftArrow.png in Resources */ = {isa = PBXBuildFile; fileRef = CEE07FAA17BA51B500373DF9 /* leftArrow.png */; };
		CEE07FAF17BA51B500373DF9 /* leftArrow@2x.png in Resources */ = {isa = PBXBuildFile; fileRef = CEE07FAB17BA51B500373DF9 /* leftArrow@2x.png */; };
		CEE07FB017BA51B500373DF9 /* rightArrow.png in Resources */ = {isa = PBXBuildFile; fileRef = CEE07FAC17BA51B500373DF9 /* rightArrow.png */; };
		CEE07FB117BA51B500373DF9 /* rightArrow@2x.png in Resources */ = {isa = PBXBuildFile; fileRef = CEE07FAD17BA51B500373DF9 /* rightArrow@2x.png */; };
		CEF34E5F17C5A7DF00308392 /* dashedDivider.png in Resources */ = {isa = PBXBuildFile; fileRef = CEF34E5E17C5A7DF00308392 /* dashedDivider.png */; };
		E707DB8F17BAB17C00BC611C /* CSWPrimaryViewController.m in Sources */ = {isa = PBXBuildFile; fileRef = E707DB8D17BAB17C00BC611C /* CSWPrimaryViewController.m */; };
		E707DB9017BAB17C00BC611C /* CSWPrimaryViewController.xib in Resources */ = {isa = PBXBuildFile; fileRef = E707DB8E17BAB17C00BC611C /* CSWPrimaryViewController.xib */; };
		E70EAB5D16A4310C00B15E51 /* CSWInstructor.m in Sources */ = {isa = PBXBuildFile; fileRef = E70EAB5C16A4310C00B15E51 /* CSWInstructor.m */; };
		E73501701691495A0048A05B /* CSWDay.m in Sources */ = {isa = PBXBuildFile; fileRef = E735016F1691495A0048A05B /* CSWDay.m */; };
		E73501741691498B0048A05B /* CSWTime.m in Sources */ = {isa = PBXBuildFile; fileRef = E73501731691498B0048A05B /* CSWTime.m */; };
		E73D2B1717D687ED00997BA1 /* CSWWeek.m in Sources */ = {isa = PBXBuildFile; fileRef = E73D2B1617D67B4500997BA1 /* CSWWeek.m */; };
		E75EEEC517371DC70093ADEB /* libxml2.dylib in Frameworks */ = {isa = PBXBuildFile; fileRef = E75EEEC417371DC70093ADEB /* libxml2.dylib */; };
		E78037FB17CD2D8B00A56DF3 /* CSWScheduleViewCell.m in Sources */ = {isa = PBXBuildFile; fileRef = E78037FA17CD2D8B00A56DF3 /* CSWScheduleViewCell.m */; };
		E792F9A01693C1AF00DEFFAB /* CSWLocation.m in Sources */ = {isa = PBXBuildFile; fileRef = E792F99F1693C1AE00DEFFAB /* CSWLocation.m */; };
		E7A20CC4168FB57900BFDDDB /* Security.framework in Frameworks */ = {isa = PBXBuildFile; fileRef = E7A20CC3168FB57900BFDDDB /* Security.framework */; };
		E7A4F8F21662FE7B00F4C794 /* CSWScheduleStore.m in Sources */ = {isa = PBXBuildFile; fileRef = E7A4F8F11662FE7B00F4C794 /* CSWScheduleStore.m */; };
		E7A4F8F61662FF8C00F4C794 /* CSWMembership.m in Sources */ = {isa = PBXBuildFile; fileRef = E7A4F8F51662FF8C00F4C794 /* CSWMembership.m */; };
		E7A4F8F91662FFFC00F4C794 /* CSWWorkout.m in Sources */ = {isa = PBXBuildFile; fileRef = E7A4F8F81662FFFC00F4C794 /* CSWWorkout.m */; };
		E7A7C03917E0BA350033734F /* CSWFilterViewController.m in Sources */ = {isa = PBXBuildFile; fileRef = E7A7C03717E0BA340033734F /* CSWFilterViewController.m */; };
		E7A7C03A17E0BA350033734F /* CSWFilterViewController.xib in Resources */ = {isa = PBXBuildFile; fileRef = E7A7C03817E0BA340033734F /* CSWFilterViewController.xib */; };
		E7DD13D517C27843003B2F5B /* CSWScheduleViewCell.xib in Resources */ = {isa = PBXBuildFile; fileRef = E7DD13D417C27843003B2F5B /* CSWScheduleViewCell.xib */; };
		E7DD13DB17C2C2D1003B2F5B /* waitList@2x.png in Resources */ = {isa = PBXBuildFile; fileRef = E7DD13D917C2C2D0003B2F5B /* waitList@2x.png */; };
		E7DD13DD17C2C2E3003B2F5B /* waitList.png in Resources */ = {isa = PBXBuildFile; fileRef = E7DD13DC17C2C2E3003B2F5B /* waitList.png */; };
		E7E8DEA117CD0D7900E7195F /* QuartzCore.framework in Frameworks */ = {isa = PBXBuildFile; fileRef = E7E8DEA017CD0D7900E7195F /* QuartzCore.framework */; };
		E7F3A3EF165CFC0E00E1E2C5 /* UIKit.framework in Frameworks */ = {isa = PBXBuildFile; fileRef = E7F3A3EE165CFC0E00E1E2C5 /* UIKit.framework */; };
		E7F3A3F1165CFC0E00E1E2C5 /* Foundation.framework in Frameworks */ = {isa = PBXBuildFile; fileRef = E7F3A3F0165CFC0E00E1E2C5 /* Foundation.framework */; };
		E7F3A3F3165CFC0E00E1E2C5 /* CoreGraphics.framework in Frameworks */ = {isa = PBXBuildFile; fileRef = E7F3A3F2165CFC0E00E1E2C5 /* CoreGraphics.framework */; };
		E7F3A3F5165CFC0E00E1E2C5 /* CoreData.framework in Frameworks */ = {isa = PBXBuildFile; fileRef = E7F3A3F4165CFC0E00E1E2C5 /* CoreData.framework */; };
		E7F3A3FB165CFC0F00E1E2C5 /* InfoPlist.strings in Resources */ = {isa = PBXBuildFile; fileRef = E7F3A3F9165CFC0F00E1E2C5 /* InfoPlist.strings */; };
		E7F3A3FD165CFC0F00E1E2C5 /* main.m in Sources */ = {isa = PBXBuildFile; fileRef = E7F3A3FC165CFC0F00E1E2C5 /* main.m */; };
		E7F3A401165CFC0F00E1E2C5 /* CSWAppDelegate.m in Sources */ = {isa = PBXBuildFile; fileRef = E7F3A400165CFC0F00E1E2C5 /* CSWAppDelegate.m */; };
		E7F3A40A165CFC0F00E1E2C5 /* Gymclass.xcdatamodeld in Sources */ = {isa = PBXBuildFile; fileRef = E7F3A408165CFC0F00E1E2C5 /* Gymclass.xcdatamodeld */; };
		E7FE08B616BA994B0038B762 /* CSWWod.m in Sources */ = {isa = PBXBuildFile; fileRef = E7FE08B516BA994A0038B762 /* CSWWod.m */; };
/* End PBXBuildFile section */

/* Begin PBXFileReference section */
		A6DB8EA089F130A02837A4E3 /* Pods.release.xcconfig */ = {isa = PBXFileReference; includeInIndex = 1; lastKnownFileType = text.xcconfig; name = Pods.release.xcconfig; path = "Pods/Target Support Files/Pods/Pods.release.xcconfig"; sourceTree = "<group>"; };
		AF7D72ADE56A4230854A063F /* libPods.a */ = {isa = PBXFileReference; explicitFileType = archive.ar; includeInIndex = 0; path = libPods.a; sourceTree = BUILT_PRODUCTS_DIR; };
		CE19818018F05991002835A1 /* MessageUI.framework */ = {isa = PBXFileReference; lastKnownFileType = wrapper.framework; name = MessageUI.framework; path = System/Library/Frameworks/MessageUI.framework; sourceTree = SDKROOT; };
		CE20E2BB17DD6B7C00A8F55D /* CSWWodViewController.h */ = {isa = PBXFileReference; fileEncoding = 4; lastKnownFileType = sourcecode.c.h; path = CSWWodViewController.h; sourceTree = "<group>"; };
		CE20E2BC17DD6B7D00A8F55D /* CSWWodViewController.m */ = {isa = PBXFileReference; fileEncoding = 4; lastKnownFileType = sourcecode.c.objc; path = CSWWodViewController.m; sourceTree = "<group>"; };
		CE20E2BD17DD6B7D00A8F55D /* CSWWodViewController.xib */ = {isa = PBXFileReference; fileEncoding = 4; lastKnownFileType = file.xib; path = CSWWodViewController.xib; sourceTree = "<group>"; };
		CE20E2C017E46D0100A8F55D /* CSWDayMarker.h */ = {isa = PBXFileReference; fileEncoding = 4; lastKnownFileType = sourcecode.c.h; path = CSWDayMarker.h; sourceTree = "<group>"; };
		CE20E2C117E46D0200A8F55D /* CSWDayMarker.m */ = {isa = PBXFileReference; fileEncoding = 4; lastKnownFileType = sourcecode.c.objc; path = CSWDayMarker.m; sourceTree = "<group>"; };
		CE2F127B188D95090024E519 /* images.xcassets */ = {isa = PBXFileReference; lastKnownFileType = folder.assetcatalog; path = images.xcassets; sourceTree = "<group>"; };
		CE605E6218F24DDC000FC4C5 /* NSDate+Testing.m */ = {isa = PBXFileReference; fileEncoding = 4; lastKnownFileType = sourcecode.c.objc; path = "NSDate+Testing.m"; sourceTree = "<group>"; };
		CE605E6418F25CE1000FC4C5 /* NSDate+Testing.h */ = {isa = PBXFileReference; lastKnownFileType = sourcecode.c.h; path = "NSDate+Testing.h"; sourceTree = "<group>"; };
		CE605E6718F45E47000FC4C5 /* CSWIndicatorManager.h */ = {isa = PBXFileReference; fileEncoding = 4; lastKnownFileType = sourcecode.c.h; path = CSWIndicatorManager.h; sourceTree = "<group>"; };
		CE605E6818F45E47000FC4C5 /* CSWIndicatorManager.m */ = {isa = PBXFileReference; fileEncoding = 4; lastKnownFileType = sourcecode.c.objc; path = CSWIndicatorManager.m; sourceTree = "<group>"; };
		CE73CD7C18DF48CB0009024E /* Flurry.h */ = {isa = PBXFileReference; fileEncoding = 4; lastKnownFileType = sourcecode.c.h; path = Flurry.h; sourceTree = "<group>"; };
		CE73CD7D18DF48CB0009024E /* libFlurry_4.3.2.a */ = {isa = PBXFileReference; lastKnownFileType = archive.ar; path = libFlurry_4.3.2.a; sourceTree = "<group>"; };
		CE94912418133B8300612FE6 /* SystemConfiguration.framework */ = {isa = PBXFileReference; lastKnownFileType = wrapper.framework; name = SystemConfiguration.framework; path = System/Library/Frameworks/SystemConfiguration.framework; sourceTree = SDKROOT; };
		CE94912618133CD300612FE6 /* MobileCoreServices.framework */ = {isa = PBXFileReference; lastKnownFileType = wrapper.framework; name = MobileCoreServices.framework; path = System/Library/Frameworks/MobileCoreServices.framework; sourceTree = SDKROOT; };
		CEAFB7DD17ED20B600FF0E34 /* CSWLoginViewController.h */ = {isa = PBXFileReference; fileEncoding = 4; lastKnownFileType = sourcecode.c.h; path = CSWLoginViewController.h; sourceTree = "<group>"; };
		CEAFB7DE17ED20B600FF0E34 /* CSWLoginViewController.m */ = {isa = PBXFileReference; fileEncoding = 4; lastKnownFileType = sourcecode.c.objc; path = CSWLoginViewController.m; sourceTree = "<group>"; };
		CEAFB7DF17ED20B600FF0E34 /* CSWLoginViewController.xib */ = {isa = PBXFileReference; fileEncoding = 4; lastKnownFileType = file.xib; path = CSWLoginViewController.xib; sourceTree = "<group>"; };
		CEAFB7E217EE20C900FF0E34 /* CSWColors.h */ = {isa = PBXFileReference; fileEncoding = 4; lastKnownFileType = sourcecode.c.h; path = CSWColors.h; sourceTree = "<group>"; };
		CEAFB7E317EE20C900FF0E34 /* CSWColors.m */ = {isa = PBXFileReference; fileEncoding = 4; lastKnownFileType = sourcecode.c.objc; path = CSWColors.m; sourceTree = "<group>"; };
		CEC4143417EF3632007F030C /* CSWGymSelector.h */ = {isa = PBXFileReference; fileEncoding = 4; lastKnownFileType = sourcecode.c.h; path = CSWGymSelector.h; sourceTree = "<group>"; };
		CEC4143517EF3632007F030C /* CSWGymSelector.m */ = {isa = PBXFileReference; fileEncoding = 4; lastKnownFileType = sourcecode.c.objc; path = CSWGymSelector.m; sourceTree = "<group>"; };
		CEC4143917EFF5E6007F030C /* CSWGymSelector.xib */ = {isa = PBXFileReference; fileEncoding = 4; lastKnownFileType = file.xib; path = CSWGymSelector.xib; sourceTree = "<group>"; };
		CEE07FAA17BA51B500373DF9 /* leftArrow.png */ = {isa = PBXFileReference; lastKnownFileType = image.png; path = leftArrow.png; sourceTree = "<group>"; };
		CEE07FAB17BA51B500373DF9 /* leftArrow@2x.png */ = {isa = PBXFileReference; lastKnownFileType = image.png; path = "leftArrow@2x.png"; sourceTree = "<group>"; };
		CEE07FAC17BA51B500373DF9 /* rightArrow.png */ = {isa = PBXFileReference; lastKnownFileType = image.png; path = rightArrow.png; sourceTree = "<group>"; };
		CEE07FAD17BA51B500373DF9 /* rightArrow@2x.png */ = {isa = PBXFileReference; lastKnownFileType = image.png; path = "rightArrow@2x.png"; sourceTree = "<group>"; };
		CEF34E5E17C5A7DF00308392 /* dashedDivider.png */ = {isa = PBXFileReference; lastKnownFileType = image.png; path = dashedDivider.png; sourceTree = "<group>"; };
		E707DB8C17BAB17C00BC611C /* CSWPrimaryViewController.h */ = {isa = PBXFileReference; fileEncoding = 4; lastKnownFileType = sourcecode.c.h; path = CSWPrimaryViewController.h; sourceTree = "<group>"; };
		E707DB8D17BAB17C00BC611C /* CSWPrimaryViewController.m */ = {isa = PBXFileReference; fileEncoding = 4; lastKnownFileType = sourcecode.c.objc; path = CSWPrimaryViewController.m; sourceTree = "<group>"; };
		E707DB8E17BAB17C00BC611C /* CSWPrimaryViewController.xib */ = {isa = PBXFileReference; fileEncoding = 4; lastKnownFileType = file.xib; path = CSWPrimaryViewController.xib; sourceTree = "<group>"; };
		E70EAB5B16A4310C00B15E51 /* CSWInstructor.h */ = {isa = PBXFileReference; fileEncoding = 4; lastKnownFileType = sourcecode.c.h; path = CSWInstructor.h; sourceTree = "<group>"; };
		E70EAB5C16A4310C00B15E51 /* CSWInstructor.m */ = {isa = PBXFileReference; fileEncoding = 4; lastKnownFileType = sourcecode.c.objc; path = CSWInstructor.m; sourceTree = "<group>"; };
		E70EAB5F16ACCEC400B15E51 /* gymclassConfig.plist */ = {isa = PBXFileReference; fileEncoding = 4; lastKnownFileType = text.plist.xml; path = gymclassConfig.plist; sourceTree = "<group>"; };
		E735016E1691495A0048A05B /* CSWDay.h */ = {isa = PBXFileReference; fileEncoding = 4; lastKnownFileType = sourcecode.c.h; path = CSWDay.h; sourceTree = "<group>"; };
		E735016F1691495A0048A05B /* CSWDay.m */ = {isa = PBXFileReference; fileEncoding = 4; lastKnownFileType = sourcecode.c.objc; path = CSWDay.m; sourceTree = "<group>"; };
		E73501721691498B0048A05B /* CSWTime.h */ = {isa = PBXFileReference; fileEncoding = 4; lastKnownFileType = sourcecode.c.h; path = CSWTime.h; sourceTree = "<group>"; };
		E73501731691498B0048A05B /* CSWTime.m */ = {isa = PBXFileReference; fileEncoding = 4; lastKnownFileType = sourcecode.c.objc; path = CSWTime.m; sourceTree = "<group>"; };
		E73D2B1517D67B4500997BA1 /* CSWWeek.h */ = {isa = PBXFileReference; lastKnownFileType = sourcecode.c.h; path = CSWWeek.h; sourceTree = "<group>"; };
		E73D2B1617D67B4500997BA1 /* CSWWeek.m */ = {isa = PBXFileReference; lastKnownFileType = sourcecode.c.objc; path = CSWWeek.m; sourceTree = "<group>"; };
		E75EEEC417371DC70093ADEB /* libxml2.dylib */ = {isa = PBXFileReference; lastKnownFileType = "compiled.mach-o.dylib"; name = libxml2.dylib; path = usr/lib/libxml2.dylib; sourceTree = SDKROOT; };
		E78037F917CD2D8B00A56DF3 /* CSWScheduleViewCell.h */ = {isa = PBXFileReference; fileEncoding = 4; lastKnownFileType = sourcecode.c.h; path = CSWScheduleViewCell.h; sourceTree = "<group>"; };
		E78037FA17CD2D8B00A56DF3 /* CSWScheduleViewCell.m */ = {isa = PBXFileReference; fileEncoding = 4; lastKnownFileType = sourcecode.c.objc; path = CSWScheduleViewCell.m; sourceTree = "<group>"; };
		E792F99E1693C1AE00DEFFAB /* CSWLocation.h */ = {isa = PBXFileReference; fileEncoding = 4; lastKnownFileType = sourcecode.c.h; path = CSWLocation.h; sourceTree = "<group>"; };
		E792F99F1693C1AE00DEFFAB /* CSWLocation.m */ = {isa = PBXFileReference; fileEncoding = 4; lastKnownFileType = sourcecode.c.objc; path = CSWLocation.m; sourceTree = "<group>"; };
		E7A20CC2168FA58A00BFDDDB /* CSWGymclassConstants.h */ = {isa = PBXFileReference; lastKnownFileType = sourcecode.c.h; path = CSWGymclassConstants.h; sourceTree = "<group>"; };
		E7A20CC3168FB57900BFDDDB /* Security.framework */ = {isa = PBXFileReference; lastKnownFileType = wrapper.framework; name = Security.framework; path = System/Library/Frameworks/Security.framework; sourceTree = SDKROOT; };
		E7A4F8F01662FE7B00F4C794 /* CSWScheduleStore.h */ = {isa = PBXFileReference; fileEncoding = 4; lastKnownFileType = sourcecode.c.h; path = CSWScheduleStore.h; sourceTree = "<group>"; };
		E7A4F8F11662FE7B00F4C794 /* CSWScheduleStore.m */ = {isa = PBXFileReference; fileEncoding = 4; lastKnownFileType = sourcecode.c.objc; path = CSWScheduleStore.m; sourceTree = "<group>"; };
		E7A4F8F41662FF8C00F4C794 /* CSWMembership.h */ = {isa = PBXFileReference; fileEncoding = 4; lastKnownFileType = sourcecode.c.h; path = CSWMembership.h; sourceTree = "<group>"; };
		E7A4F8F51662FF8C00F4C794 /* CSWMembership.m */ = {isa = PBXFileReference; fileEncoding = 4; lastKnownFileType = sourcecode.c.objc; path = CSWMembership.m; sourceTree = "<group>"; };
		E7A4F8F71662FFFC00F4C794 /* CSWWorkout.h */ = {isa = PBXFileReference; fileEncoding = 4; lastKnownFileType = sourcecode.c.h; path = CSWWorkout.h; sourceTree = "<group>"; };
		E7A4F8F81662FFFC00F4C794 /* CSWWorkout.m */ = {isa = PBXFileReference; fileEncoding = 4; lastKnownFileType = sourcecode.c.objc; path = CSWWorkout.m; sourceTree = "<group>"; };
		E7A7C03617E0BA340033734F /* CSWFilterViewController.h */ = {isa = PBXFileReference; fileEncoding = 4; lastKnownFileType = sourcecode.c.h; path = CSWFilterViewController.h; sourceTree = "<group>"; };
		E7A7C03717E0BA340033734F /* CSWFilterViewController.m */ = {isa = PBXFileReference; fileEncoding = 4; lastKnownFileType = sourcecode.c.objc; path = CSWFilterViewController.m; sourceTree = "<group>"; };
		E7A7C03817E0BA340033734F /* CSWFilterViewController.xib */ = {isa = PBXFileReference; fileEncoding = 4; lastKnownFileType = file.xib; path = CSWFilterViewController.xib; sourceTree = "<group>"; };
		E7DD13D417C27843003B2F5B /* CSWScheduleViewCell.xib */ = {isa = PBXFileReference; fileEncoding = 4; lastKnownFileType = file.xib; path = CSWScheduleViewCell.xib; sourceTree = "<group>"; };
		E7DD13D917C2C2D0003B2F5B /* waitList@2x.png */ = {isa = PBXFileReference; lastKnownFileType = image.png; path = "waitList@2x.png"; sourceTree = "<group>"; };
		E7DD13DC17C2C2E3003B2F5B /* waitList.png */ = {isa = PBXFileReference; lastKnownFileType = image.png; path = waitList.png; sourceTree = "<group>"; };
		E7E8DEA017CD0D7900E7195F /* QuartzCore.framework */ = {isa = PBXFileReference; lastKnownFileType = wrapper.framework; name = QuartzCore.framework; path = System/Library/Frameworks/QuartzCore.framework; sourceTree = SDKROOT; };
		E7F3A3EA165CFC0E00E1E2C5 /* Gymclass.app */ = {isa = PBXFileReference; explicitFileType = wrapper.application; includeInIndex = 0; path = Gymclass.app; sourceTree = BUILT_PRODUCTS_DIR; };
		E7F3A3EE165CFC0E00E1E2C5 /* UIKit.framework */ = {isa = PBXFileReference; lastKnownFileType = wrapper.framework; name = UIKit.framework; path = System/Library/Frameworks/UIKit.framework; sourceTree = SDKROOT; };
		E7F3A3F0165CFC0E00E1E2C5 /* Foundation.framework */ = {isa = PBXFileReference; lastKnownFileType = wrapper.framework; name = Foundation.framework; path = System/Library/Frameworks/Foundation.framework; sourceTree = SDKROOT; };
		E7F3A3F2165CFC0E00E1E2C5 /* CoreGraphics.framework */ = {isa = PBXFileReference; lastKnownFileType = wrapper.framework; name = CoreGraphics.framework; path = System/Library/Frameworks/CoreGraphics.framework; sourceTree = SDKROOT; };
		E7F3A3F4165CFC0E00E1E2C5 /* CoreData.framework */ = {isa = PBXFileReference; lastKnownFileType = wrapper.framework; name = CoreData.framework; path = System/Library/Frameworks/CoreData.framework; sourceTree = SDKROOT; };
		E7F3A3F8165CFC0F00E1E2C5 /* Gymclass-Info.plist */ = {isa = PBXFileReference; lastKnownFileType = text.plist.xml; path = "Gymclass-Info.plist"; sourceTree = "<group>"; };
		E7F3A3FA165CFC0F00E1E2C5 /* en */ = {isa = PBXFileReference; lastKnownFileType = text.plist.strings; name = en; path = en.lproj/InfoPlist.strings; sourceTree = "<group>"; };
		E7F3A3FC165CFC0F00E1E2C5 /* main.m */ = {isa = PBXFileReference; lastKnownFileType = sourcecode.c.objc; path = main.m; sourceTree = "<group>"; };
		E7F3A3FE165CFC0F00E1E2C5 /* Gymclass-Prefix.pch */ = {isa = PBXFileReference; lastKnownFileType = sourcecode.c.h; path = "Gymclass-Prefix.pch"; sourceTree = "<group>"; };
		E7F3A3FF165CFC0F00E1E2C5 /* CSWAppDelegate.h */ = {isa = PBXFileReference; lastKnownFileType = sourcecode.c.h; path = CSWAppDelegate.h; sourceTree = "<group>"; };
		E7F3A400165CFC0F00E1E2C5 /* CSWAppDelegate.m */ = {isa = PBXFileReference; lastKnownFileType = sourcecode.c.objc; path = CSWAppDelegate.m; sourceTree = "<group>"; };
		E7F3A409165CFC0F00E1E2C5 /* Gymclass.xcdatamodel */ = {isa = PBXFileReference; lastKnownFileType = wrapper.xcdatamodel; path = Gymclass.xcdatamodel; sourceTree = "<group>"; };
		E7FE08B416BA994A0038B762 /* CSWWod.h */ = {isa = PBXFileReference; fileEncoding = 4; lastKnownFileType = sourcecode.c.h; path = CSWWod.h; sourceTree = "<group>"; };
		E7FE08B516BA994A0038B762 /* CSWWod.m */ = {isa = PBXFileReference; fileEncoding = 4; lastKnownFileType = sourcecode.c.objc; path = CSWWod.m; sourceTree = "<group>"; };
		E8509BE72A4138B49E345BE2 /* Pods.debug.xcconfig */ = {isa = PBXFileReference; includeInIndex = 1; lastKnownFileType = text.xcconfig; name = Pods.debug.xcconfig; path = "Pods/Target Support Files/Pods/Pods.debug.xcconfig"; sourceTree = "<group>"; };
/* End PBXFileReference section */

/* Begin PBXFrameworksBuildPhase section */
		E7F3A3E7165CFC0E00E1E2C5 /* Frameworks */ = {
			isa = PBXFrameworksBuildPhase;
			buildActionMask = 2147483647;
			files = (
				CE19818118F05991002835A1 /* MessageUI.framework in Frameworks */,
				CE94912718133CD300612FE6 /* MobileCoreServices.framework in Frameworks */,
				CE94912518133B8300612FE6 /* SystemConfiguration.framework in Frameworks */,
				CE73CD7E18DF48CB0009024E /* libFlurry_4.3.2.a in Frameworks */,
				E7E8DEA117CD0D7900E7195F /* QuartzCore.framework in Frameworks */,
				E75EEEC517371DC70093ADEB /* libxml2.dylib in Frameworks */,
				E7A20CC4168FB57900BFDDDB /* Security.framework in Frameworks */,
				E7F3A3EF165CFC0E00E1E2C5 /* UIKit.framework in Frameworks */,
				E7F3A3F1165CFC0E00E1E2C5 /* Foundation.framework in Frameworks */,
				E7F3A3F3165CFC0E00E1E2C5 /* CoreGraphics.framework in Frameworks */,
				E7F3A3F5165CFC0E00E1E2C5 /* CoreData.framework in Frameworks */,
				152A2BA128A04AA1989BDFAE /* libPods.a in Frameworks */,
			);
			runOnlyForDeploymentPostprocessing = 0;
		};
/* End PBXFrameworksBuildPhase section */

/* Begin PBXGroup section */
		05DC8F7E4B7226CE168E6CEC /* Pods */ = {
			isa = PBXGroup;
			children = (
				E8509BE72A4138B49E345BE2 /* Pods.debug.xcconfig */,
				A6DB8EA089F130A02837A4E3 /* Pods.release.xcconfig */,
			);
			name = Pods;
			sourceTree = "<group>";
		};
		CEE07FB217BA51C700373DF9 /* images */ = {
			isa = PBXGroup;
			children = (
				CE2F127B188D95090024E519 /* images.xcassets */,
				CEF34E5E17C5A7DF00308392 /* dashedDivider.png */,
				E7DD13DC17C2C2E3003B2F5B /* waitList.png */,
				E7DD13D917C2C2D0003B2F5B /* waitList@2x.png */,
				CEE07FAA17BA51B500373DF9 /* leftArrow.png */,
				CEE07FAB17BA51B500373DF9 /* leftArrow@2x.png */,
				CEE07FAC17BA51B500373DF9 /* rightArrow.png */,
				CEE07FAD17BA51B500373DF9 /* rightArrow@2x.png */,
			);
			name = images;
			sourceTree = "<group>";
		};
		E7F3A3DF165CFC0E00E1E2C5 = {
			isa = PBXGroup;
			children = (
				E75EEEC417371DC70093ADEB /* libxml2.dylib */,
				E7F3A3F6165CFC0F00E1E2C5 /* Gymclass */,
				E7F3A3ED165CFC0E00E1E2C5 /* Frameworks */,
				E7F3A3EB165CFC0E00E1E2C5 /* Products */,
				05DC8F7E4B7226CE168E6CEC /* Pods */,
			);
			sourceTree = "<group>";
		};
		E7F3A3EB165CFC0E00E1E2C5 /* Products */ = {
			isa = PBXGroup;
			children = (
				E7F3A3EA165CFC0E00E1E2C5 /* Gymclass.app */,
			);
			name = Products;
			sourceTree = "<group>";
		};
		E7F3A3ED165CFC0E00E1E2C5 /* Frameworks */ = {
			isa = PBXGroup;
			children = (
				CE19818018F05991002835A1 /* MessageUI.framework */,
				CE94912618133CD300612FE6 /* MobileCoreServices.framework */,
				CE94912418133B8300612FE6 /* SystemConfiguration.framework */,
				E7A20CC3168FB57900BFDDDB /* Security.framework */,
				E7E8DEA017CD0D7900E7195F /* QuartzCore.framework */,
				E7F3A3EE165CFC0E00E1E2C5 /* UIKit.framework */,
				E7F3A3F0165CFC0E00E1E2C5 /* Foundation.framework */,
				E7F3A3F2165CFC0E00E1E2C5 /* CoreGraphics.framework */,
				E7F3A3F4165CFC0E00E1E2C5 /* CoreData.framework */,
				AF7D72ADE56A4230854A063F /* libPods.a */,
			);
			name = Frameworks;
			sourceTree = "<group>";
		};
		E7F3A3F6165CFC0F00E1E2C5 /* Gymclass */ = {
			isa = PBXGroup;
			children = (
				E7F3A3FF165CFC0F00E1E2C5 /* CSWAppDelegate.h */,
				E7F3A400165CFC0F00E1E2C5 /* CSWAppDelegate.m */,
				E707DB8C17BAB17C00BC611C /* CSWPrimaryViewController.h */,
				E707DB8D17BAB17C00BC611C /* CSWPrimaryViewController.m */,
				E707DB8E17BAB17C00BC611C /* CSWPrimaryViewController.xib */,
				E78037F917CD2D8B00A56DF3 /* CSWScheduleViewCell.h */,
				E78037FA17CD2D8B00A56DF3 /* CSWScheduleViewCell.m */,
				E7DD13D417C27843003B2F5B /* CSWScheduleViewCell.xib */,
				E7A7C03617E0BA340033734F /* CSWFilterViewController.h */,
				E7A7C03717E0BA340033734F /* CSWFilterViewController.m */,
				E7A7C03817E0BA340033734F /* CSWFilterViewController.xib */,
				CE20E2BB17DD6B7C00A8F55D /* CSWWodViewController.h */,
				CE20E2BC17DD6B7D00A8F55D /* CSWWodViewController.m */,
				CE20E2BD17DD6B7D00A8F55D /* CSWWodViewController.xib */,
				CEAFB7DD17ED20B600FF0E34 /* CSWLoginViewController.h */,
				CEAFB7DE17ED20B600FF0E34 /* CSWLoginViewController.m */,
				CEAFB7DF17ED20B600FF0E34 /* CSWLoginViewController.xib */,
				CEC4143417EF3632007F030C /* CSWGymSelector.h */,
				CEC4143517EF3632007F030C /* CSWGymSelector.m */,
				CEC4143917EFF5E6007F030C /* CSWGymSelector.xib */,
				E7A4F8F01662FE7B00F4C794 /* CSWScheduleStore.h */,
				E7A4F8F11662FE7B00F4C794 /* CSWScheduleStore.m */,
				E7A4F8F41662FF8C00F4C794 /* CSWMembership.h */,
				E7A4F8F51662FF8C00F4C794 /* CSWMembership.m */,
				E7A4F8F71662FFFC00F4C794 /* CSWWorkout.h */,
				E7A4F8F81662FFFC00F4C794 /* CSWWorkout.m */,
				E7FE08B416BA994A0038B762 /* CSWWod.h */,
				E7FE08B516BA994A0038B762 /* CSWWod.m */,
				E73D2B1517D67B4500997BA1 /* CSWWeek.h */,
				E73D2B1617D67B4500997BA1 /* CSWWeek.m */,
				E735016E1691495A0048A05B /* CSWDay.h */,
				E735016F1691495A0048A05B /* CSWDay.m */,
				CE20E2C017E46D0100A8F55D /* CSWDayMarker.h */,
				CE20E2C117E46D0200A8F55D /* CSWDayMarker.m */,
				E73501721691498B0048A05B /* CSWTime.h */,
				E73501731691498B0048A05B /* CSWTime.m */,
				E70EAB5B16A4310C00B15E51 /* CSWInstructor.h */,
				E70EAB5C16A4310C00B15E51 /* CSWInstructor.m */,
				E792F99E1693C1AE00DEFFAB /* CSWLocation.h */,
				E792F99F1693C1AE00DEFFAB /* CSWLocation.m */,
				CEAFB7E217EE20C900FF0E34 /* CSWColors.h */,
				CEAFB7E317EE20C900FF0E34 /* CSWColors.m */,
				E7A20CC2168FA58A00BFDDDB /* CSWGymclassConstants.h */,
				CE605E6418F25CE1000FC4C5 /* NSDate+Testing.h */,
				CE605E6218F24DDC000FC4C5 /* NSDate+Testing.m */,
				CE73CD7C18DF48CB0009024E /* Flurry.h */,
				CE605E6718F45E47000FC4C5 /* CSWIndicatorManager.h */,
				CE605E6818F45E47000FC4C5 /* CSWIndicatorManager.m */,
				CE73CD7D18DF48CB0009024E /* libFlurry_4.3.2.a */,
				CEE07FB217BA51C700373DF9 /* images */,
				E7F3A408165CFC0F00E1E2C5 /* Gymclass.xcdatamodeld */,
				E70EAB5F16ACCEC400B15E51 /* gymclassConfig.plist */,
				E7F3A3F7165CFC0F00E1E2C5 /* Supporting Files */,
			);
			path = Gymclass;
			sourceTree = "<group>";
		};
		E7F3A3F7165CFC0F00E1E2C5 /* Supporting Files */ = {
			isa = PBXGroup;
			children = (
				E7F3A3F8165CFC0F00E1E2C5 /* Gymclass-Info.plist */,
				E7F3A3F9165CFC0F00E1E2C5 /* InfoPlist.strings */,
				E7F3A3FC165CFC0F00E1E2C5 /* main.m */,
				E7F3A3FE165CFC0F00E1E2C5 /* Gymclass-Prefix.pch */,
			);
			name = "Supporting Files";
			sourceTree = "<group>";
		};
/* End PBXGroup section */

/* Begin PBXNativeTarget section */
		E7F3A3E9165CFC0E00E1E2C5 /* Gymclass */ = {
			isa = PBXNativeTarget;
			buildConfigurationList = E7F3A40D165CFC0F00E1E2C5 /* Build configuration list for PBXNativeTarget "Gymclass" */;
			buildPhases = (
				F767753FDFBE48A385F205D0 /* Check Pods Manifest.lock */,
				E7F3A3E6165CFC0E00E1E2C5 /* Sources */,
				E7F3A3E7165CFC0E00E1E2C5 /* Frameworks */,
				E7F3A3E8165CFC0E00E1E2C5 /* Resources */,
				5728784287AE417B83F9879E /* Copy Pods Resources */,
			);
			buildRules = (
			);
			dependencies = (
			);
			name = Gymclass;
			productName = Gymclass;
			productReference = E7F3A3EA165CFC0E00E1E2C5 /* Gymclass.app */;
			productType = "com.apple.product-type.application";
		};
/* End PBXNativeTarget section */

/* Begin PBXProject section */
		E7F3A3E1165CFC0E00E1E2C5 /* Project object */ = {
			isa = PBXProject;
			attributes = {
				CLASSPREFIX = CSW;
				LastUpgradeCheck = 0450;
				ORGANIZATIONNAME = "Cindy Software";
				TargetAttributes = {
					E7F3A3E9165CFC0E00E1E2C5 = {
						DevelopmentTeam = 9J5EPCEDVB;
					};
				};
			};
			buildConfigurationList = E7F3A3E4165CFC0E00E1E2C5 /* Build configuration list for PBXProject "Gymclass" */;
			compatibilityVersion = "Xcode 3.2";
			developmentRegion = English;
			hasScannedForEncodings = 0;
			knownRegions = (
				en,
			);
			mainGroup = E7F3A3DF165CFC0E00E1E2C5;
			productRefGroup = E7F3A3EB165CFC0E00E1E2C5 /* Products */;
			projectDirPath = "";
			projectRoot = "";
			targets = (
				E7F3A3E9165CFC0E00E1E2C5 /* Gymclass */,
			);
		};
/* End PBXProject section */

/* Begin PBXResourcesBuildPhase section */
		E7F3A3E8165CFC0E00E1E2C5 /* Resources */ = {
			isa = PBXResourcesBuildPhase;
			buildActionMask = 2147483647;
			files = (
				E7F3A3FB165CFC0F00E1E2C5 /* InfoPlist.strings in Resources */,
				CEE07FAE17BA51B500373DF9 /* leftArrow.png in Resources */,
				CEE07FAF17BA51B500373DF9 /* leftArrow@2x.png in Resources */,
				CEE07FB017BA51B500373DF9 /* rightArrow.png in Resources */,
				CEE07FB117BA51B500373DF9 /* rightArrow@2x.png in Resources */,
				E707DB9017BAB17C00BC611C /* CSWPrimaryViewController.xib in Resources */,
				E7DD13D517C27843003B2F5B /* CSWScheduleViewCell.xib in Resources */,
				E7DD13DB17C2C2D1003B2F5B /* waitList@2x.png in Resources */,
				E7DD13DD17C2C2E3003B2F5B /* waitList.png in Resources */,
				CEF34E5F17C5A7DF00308392 /* dashedDivider.png in Resources */,
				CE2F127C188D95090024E519 /* images.xcassets in Resources */,
				CE20E2BF17DD6B7D00A8F55D /* CSWWodViewController.xib in Resources */,
				E7A7C03A17E0BA350033734F /* CSWFilterViewController.xib in Resources */,
				CEAFB7E117ED20B600FF0E34 /* CSWLoginViewController.xib in Resources */,
				CEC4143A17EFF5E6007F030C /* CSWGymSelector.xib in Resources */,
			);
			runOnlyForDeploymentPostprocessing = 0;
		};
/* End PBXResourcesBuildPhase section */

/* Begin PBXShellScriptBuildPhase section */
		5728784287AE417B83F9879E /* Copy Pods Resources */ = {
			isa = PBXShellScriptBuildPhase;
			buildActionMask = 2147483647;
			files = (
			);
			inputPaths = (
			);
			name = "Copy Pods Resources";
			outputPaths = (
			);
			runOnlyForDeploymentPostprocessing = 0;
			shellPath = /bin/sh;
			shellScript = "\"${SRCROOT}/Pods/Target Support Files/Pods/Pods-resources.sh\"\n";
			showEnvVarsInLog = 0;
		};
		F767753FDFBE48A385F205D0 /* Check Pods Manifest.lock */ = {
			isa = PBXShellScriptBuildPhase;
			buildActionMask = 2147483647;
			files = (
			);
			inputPaths = (
			);
			name = "Check Pods Manifest.lock";
			outputPaths = (
			);
			runOnlyForDeploymentPostprocessing = 0;
			shellPath = /bin/sh;
			shellScript = "diff \"${PODS_ROOT}/../Podfile.lock\" \"${PODS_ROOT}/Manifest.lock\" > /dev/null\nif [[ $? != 0 ]] ; then\n    cat << EOM\nerror: The sandbox is not in sync with the Podfile.lock. Run 'pod install' or update your CocoaPods installation.\nEOM\n    exit 1\nfi\n";
			showEnvVarsInLog = 0;
		};
/* End PBXShellScriptBuildPhase section */

/* Begin PBXSourcesBuildPhase section */
		E7F3A3E6165CFC0E00E1E2C5 /* Sources */ = {
			isa = PBXSourcesBuildPhase;
			buildActionMask = 2147483647;
			files = (
				E73D2B1717D687ED00997BA1 /* CSWWeek.m in Sources */,
				E7F3A3FD165CFC0F00E1E2C5 /* main.m in Sources */,
				E7F3A401165CFC0F00E1E2C5 /* CSWAppDelegate.m in Sources */,
				E7F3A40A165CFC0F00E1E2C5 /* Gymclass.xcdatamodeld in Sources */,
				E7A4F8F21662FE7B00F4C794 /* CSWScheduleStore.m in Sources */,
				E7A4F8F61662FF8C00F4C794 /* CSWMembership.m in Sources */,
				E7A4F8F91662FFFC00F4C794 /* CSWWorkout.m in Sources */,
				E73501701691495A0048A05B /* CSWDay.m in Sources */,
				E73501741691498B0048A05B /* CSWTime.m in Sources */,
				CE605E6318F24DDC000FC4C5 /* NSDate+Testing.m in Sources */,
				E792F9A01693C1AF00DEFFAB /* CSWLocation.m in Sources */,
				E70EAB5D16A4310C00B15E51 /* CSWInstructor.m in Sources */,
				E7FE08B616BA994B0038B762 /* CSWWod.m in Sources */,
				E707DB8F17BAB17C00BC611C /* CSWPrimaryViewController.m in Sources */,
				E78037FB17CD2D8B00A56DF3 /* CSWScheduleViewCell.m in Sources */,
				CE605E6918F45E47000FC4C5 /* CSWIndicatorManager.m in Sources */,
				CE20E2BE17DD6B7D00A8F55D /* CSWWodViewController.m in Sources */,
				E7A7C03917E0BA350033734F /* CSWFilterViewController.m in Sources */,
				CE20E2C217E46D0400A8F55D /* CSWDayMarker.m in Sources */,
				CEAFB7E017ED20B600FF0E34 /* CSWLoginViewController.m in Sources */,
				CEAFB7E417EE20C900FF0E34 /* CSWColors.m in Sources */,
				CEC4143717EF3632007F030C /* CSWGymSelector.m in Sources */,
			);
			runOnlyForDeploymentPostprocessing = 0;
		};
/* End PBXSourcesBuildPhase section */

/* Begin PBXVariantGroup section */
		E7F3A3F9165CFC0F00E1E2C5 /* InfoPlist.strings */ = {
			isa = PBXVariantGroup;
			children = (
				E7F3A3FA165CFC0F00E1E2C5 /* en */,
			);
			name = InfoPlist.strings;
			sourceTree = "<group>";
		};
/* End PBXVariantGroup section */

/* Begin XCBuildConfiguration section */
		E7F3A40B165CFC0F00E1E2C5 /* Debug */ = {
			isa = XCBuildConfiguration;
			buildSettings = {
				ALWAYS_SEARCH_USER_PATHS = NO;
				CLANG_CXX_LANGUAGE_STANDARD = "gnu++0x";
				CLANG_CXX_LIBRARY = "libc++";
				CLANG_ENABLE_OBJC_ARC = YES;
				CLANG_WARN_EMPTY_BODY = YES;
				CLANG_WARN__DUPLICATE_METHOD_MATCH = YES;
				"CODE_SIGN_IDENTITY[sdk=iphoneos*]" = "iPhone Developer: Eric Colton (27DGPDH5P4)";
				COPY_PHASE_STRIP = NO;
				GCC_C_LANGUAGE_STANDARD = gnu99;
				GCC_DYNAMIC_NO_PIC = NO;
				GCC_OPTIMIZATION_LEVEL = 0;
				GCC_PREPROCESSOR_DEFINITIONS = (
					"DEBUG=1",
					"$(inherited)",
				);
				GCC_SYMBOLS_PRIVATE_EXTERN = NO;
				GCC_WARN_ABOUT_RETURN_TYPE = YES;
				GCC_WARN_UNINITIALIZED_AUTOS = YES;
				GCC_WARN_UNUSED_VARIABLE = YES;
				HEADER_SEARCH_PATHS = "${SDKROOT}/usr/include/libxml2";
				IPHONEOS_DEPLOYMENT_TARGET = 7.0;
				ONLY_ACTIVE_ARCH = YES;
				PROVISIONING_PROFILE = "D752F411-E07E-4C83-8C67-BC89BFE98EFA";
				SDKROOT = iphoneos;
				TARGETED_DEVICE_FAMILY = "1,2";
			};
			name = Debug;
		};
		E7F3A40C165CFC0F00E1E2C5 /* Release */ = {
			isa = XCBuildConfiguration;
			buildSettings = {
				ALWAYS_SEARCH_USER_PATHS = NO;
				CLANG_CXX_LANGUAGE_STANDARD = "gnu++0x";
				CLANG_CXX_LIBRARY = "libc++";
				CLANG_ENABLE_OBJC_ARC = YES;
				CLANG_WARN_EMPTY_BODY = YES;
				CLANG_WARN__DUPLICATE_METHOD_MATCH = YES;
				"CODE_SIGN_IDENTITY[sdk=iphoneos*]" = "iPhone Developer: Eric Colton (27DGPDH5P4)";
				COPY_PHASE_STRIP = YES;
				GCC_C_LANGUAGE_STANDARD = gnu99;
				GCC_WARN_ABOUT_RETURN_TYPE = YES;
				GCC_WARN_UNINITIALIZED_AUTOS = YES;
				GCC_WARN_UNUSED_VARIABLE = YES;
				HEADER_SEARCH_PATHS = "${SDKROOT}/usr/include/libxml2";
				IPHONEOS_DEPLOYMENT_TARGET = 7.0;
				OTHER_CFLAGS = "-DNS_BLOCK_ASSERTIONS=1";
				PROVISIONING_PROFILE = "D752F411-E07E-4C83-8C67-BC89BFE98EFA";
				SDKROOT = iphoneos;
				TARGETED_DEVICE_FAMILY = "1,2";
				VALIDATE_PRODUCT = YES;
			};
			name = Release;
		};
		E7F3A40E165CFC0F00E1E2C5 /* Debug */ = {
			isa = XCBuildConfiguration;
			baseConfigurationReference = E8509BE72A4138B49E345BE2 /* Pods.debug.xcconfig */;
			buildSettings = {
				ASSETCATALOG_COMPILER_APPICON_NAME = AppIcon;
				ASSETCATALOG_COMPILER_LAUNCHIMAGE_NAME = LaunchImage;
				CODE_SIGN_IDENTITY = "iPhone Developer";
				"CODE_SIGN_IDENTITY[sdk=*]" = "iPhone Developer";
				GCC_PRECOMPILE_PREFIX_HEADER = YES;
				GCC_PREFIX_HEADER = "Gymclass/Gymclass-Prefix.pch";
				HEADER_SEARCH_PATHS = "${SDKROOT}/usr/include/libxml2";
				INFOPLIST_FILE = "Gymclass/Gymclass-Info.plist";
				IPHONEOS_DEPLOYMENT_TARGET = 7.0;
				LIBRARY_SEARCH_PATHS = (
					"$(inherited)",
					"$(PROJECT_DIR)/Gymclass",
				);
				ONLY_ACTIVE_ARCH = YES;
				PRODUCT_NAME = "$(TARGET_NAME)";
				PROVISIONING_PROFILE = "DD94D39B-D9FB-436B-B290-824BFFED485A";
				TARGETED_DEVICE_FAMILY = 1;
				WRAPPER_EXTENSION = app;
			};
			name = Debug;
		};
		E7F3A40F165CFC0F00E1E2C5 /* Release */ = {
			isa = XCBuildConfiguration;
			baseConfigurationReference = A6DB8EA089F130A02837A4E3 /* Pods.release.xcconfig */;
			buildSettings = {
				ASSETCATALOG_COMPILER_APPICON_NAME = AppIcon;
				ASSETCATALOG_COMPILER_LAUNCHIMAGE_NAME = LaunchImage;
				CODE_SIGN_IDENTITY = "iPhone Distribution: Eric Colton (9J5EPCEDVB)";
				"CODE_SIGN_IDENTITY[sdk=iphoneos*]" = "iPhone Distribution: Eric Colton (9J5EPCEDVB)";
				GCC_PRECOMPILE_PREFIX_HEADER = YES;
				GCC_PREFIX_HEADER = "Gymclass/Gymclass-Prefix.pch";
				HEADER_SEARCH_PATHS = "${SDKROOT}/usr/include/libxml2";
				INFOPLIST_FILE = "Gymclass/Gymclass-Info.plist";
				IPHONEOS_DEPLOYMENT_TARGET = 7.0;
				LIBRARY_SEARCH_PATHS = (
					"$(inherited)",
					"$(PROJECT_DIR)/Gymclass",
				);
				ONLY_ACTIVE_ARCH = NO;
				PRODUCT_NAME = "$(TARGET_NAME)";
				PROVISIONING_PROFILE = "B4EF1907-EC0E-4BDD-BE1E-AD836D0B9DB8";
				TARGETED_DEVICE_FAMILY = 1;
				WRAPPER_EXTENSION = app;
			};
			name = Release;
		};
/* End XCBuildConfiguration section */

/* Begin XCConfigurationList section */
		E7F3A3E4165CFC0E00E1E2C5 /* Build configuration list for PBXProject "Gymclass" */ = {
			isa = XCConfigurationList;
			buildConfigurations = (
				E7F3A40B165CFC0F00E1E2C5 /* Debug */,
				E7F3A40C165CFC0F00E1E2C5 /* Release */,
			);
			defaultConfigurationIsVisible = 0;
			defaultConfigurationName = Release;
		};
		E7F3A40D165CFC0F00E1E2C5 /* Build configuration list for PBXNativeTarget "Gymclass" */ = {
			isa = XCConfigurationList;
			buildConfigurations = (
				E7F3A40E165CFC0F00E1E2C5 /* Debug */,
				E7F3A40F165CFC0F00E1E2C5 /* Release */,
			);
			defaultConfigurationIsVisible = 0;
			defaultConfigurationName = Release;
		};
/* End XCConfigurationList section */

/* Begin XCVersionGroup section */
		E7F3A408165CFC0F00E1E2C5 /* Gymclass.xcdatamodeld */ = {
			isa = XCVersionGroup;
			children = (
				E7F3A409165CFC0F00E1E2C5 /* Gymclass.xcdatamodel */,
			);
			currentVersion = E7F3A409165CFC0F00E1E2C5 /* Gymclass.xcdatamodel */;
			path = Gymclass.xcdatamodeld;
			sourceTree = "<group>";
			versionGroupType = wrapper.xcdatamodel;
		};
/* End XCVersionGroup section */
	};
	rootObject = E7F3A3E1165CFC0E00E1E2C5 /* Project object */;
}
